// !$*UTF8*$!
{
	archiveVersion = 1;
	classes = {
	};
	objectVersion = 46;
	objects = {

/* Begin PBXBuildFile section */
		03DB8D148D2E557705EFB4B8 /* Pods_True_Pass.framework in Frameworks */ = {isa = PBXBuildFile; fileRef = AB3F94BA52E62BF2AAC94983 /* Pods_True_Pass.framework */; };
		910FD5CF1EC6784C0058FF5C /* Pass.swift in Sources */ = {isa = PBXBuildFile; fileRef = 910FD5CD1EC678450058FF5C /* Pass.swift */; };
		910FD5D01EC678520058FF5C /* Interface.storyboard in Resources */ = {isa = PBXBuildFile; fileRef = 9187E3B41EA2F3700085E415 /* Interface.storyboard */; };
		910FD5D11EC678C80058FF5C /* Interface.storyboard in Resources */ = {isa = PBXBuildFile; fileRef = 9187E3B41EA2F3700085E415 /* Interface.storyboard */; };
		9112C6D11EF0086C00584D91 /* PassKit.framework in Frameworks */ = {isa = PBXBuildFile; fileRef = 9112C6D01EF0086C00584D91 /* PassKit.framework */; };
		911FC20D1EA6CBBD00B6936F /* PassDetailInterfaceController.swift in Sources */ = {isa = PBXBuildFile; fileRef = 911FC20C1EA6CBBD00B6936F /* PassDetailInterfaceController.swift */; };
		9139BA671EBBFC2D00F365EF /* UserInfoInterfaceController.swift in Sources */ = {isa = PBXBuildFile; fileRef = 9139BA661EBBFC2D00F365EF /* UserInfoInterfaceController.swift */; };
		9139BA6A1EBC007700F365EF /* PassKit.framework in Frameworks */ = {isa = PBXBuildFile; fileRef = 9139BA691EBC007700F365EF /* PassKit.framework */; };
		916915E01EF467C400B80920 /* Info.plist in Resources */ = {isa = PBXBuildFile; fileRef = 916915DF1EF467C400B80920 /* Info.plist */; };
		916915E31EF467E800B80920 /* CommonDataModels.swift in Sources */ = {isa = PBXBuildFile; fileRef = 916915E11EF467E800B80920 /* CommonDataModels.swift */; };
		916915E41EF467E800B80920 /* LoginViewController.swift in Sources */ = {isa = PBXBuildFile; fileRef = 916915E21EF467E800B80920 /* LoginViewController.swift */; };
		916916071EF467FD00B80920 /* Base.lproj in Resources */ = {isa = PBXBuildFile; fileRef = 916915E61EF467FD00B80920 /* Base.lproj */; };
		916916081EF467FD00B80920 /* ManagedViewController.swift in Sources */ = {isa = PBXBuildFile; fileRef = 916915E71EF467FD00B80920 /* ManagedViewController.swift */; };
		916916091EF467FD00B80920 /* PassesViewController.swift in Sources */ = {isa = PBXBuildFile; fileRef = 916915E81EF467FD00B80920 /* PassesViewController.swift */; };
		9169160A1EF467FD00B80920 /* ContactView.xib in Resources */ = {isa = PBXBuildFile; fileRef = 916915E91EF467FD00B80920 /* ContactView.xib */; };
		9169160B1EF467FD00B80920 /* Assets.xcassets in Resources */ = {isa = PBXBuildFile; fileRef = 916915EA1EF467FD00B80920 /* Assets.xcassets */; };
		9169160C1EF467FD00B80920 /* MapViewController.swift in Sources */ = {isa = PBXBuildFile; fileRef = 916915EB1EF467FD00B80920 /* MapViewController.swift */; };
		9169160D1EF467FD00B80920 /* CDExtensions.swift in Sources */ = {isa = PBXBuildFile; fileRef = 916915EC1EF467FD00B80920 /* CDExtensions.swift */; };
		9169160E1EF467FD00B80920 /* PassDetailViewController.swift in Sources */ = {isa = PBXBuildFile; fileRef = 916915ED1EF467FD00B80920 /* PassDetailViewController.swift */; };
		9169160F1EF467FD00B80920 /* UserAuthentication.swift in Sources */ = {isa = PBXBuildFile; fileRef = 916915EE1EF467FD00B80920 /* UserAuthentication.swift */; };
		916916101EF467FD00B80920 /* FirebaseObjects.swift in Sources */ = {isa = PBXBuildFile; fileRef = 916915EF1EF467FD00B80920 /* FirebaseObjects.swift */; };
		916916111EF467FD00B80920 /* FirebaseService.swift in Sources */ = {isa = PBXBuildFile; fileRef = 916915F01EF467FD00B80920 /* FirebaseService.swift */; };
		916916121EF467FD00B80920 /* PassKitManager.swift in Sources */ = {isa = PBXBuildFile; fileRef = 916915F11EF467FD00B80920 /* PassKitManager.swift */; };
		916916131EF467FD00B80920 /* Extensions.swift in Sources */ = {isa = PBXBuildFile; fileRef = 916915F21EF467FD00B80920 /* Extensions.swift */; };
		916916141EF467FD00B80920 /* Designables.swift in Sources */ = {isa = PBXBuildFile; fileRef = 916915F31EF467FD00B80920 /* Designables.swift */; };
		916916151EF467FD00B80920 /* AppDelegate.swift in Sources */ = {isa = PBXBuildFile; fileRef = 916915F41EF467FD00B80920 /* AppDelegate.swift */; };
		916916161EF467FD00B80920 /* FirebaseStorage.swift in Sources */ = {isa = PBXBuildFile; fileRef = 916915F51EF467FD00B80920 /* FirebaseStorage.swift */; };
		916916171EF467FD00B80920 /* ContactView.swift in Sources */ = {isa = PBXBuildFile; fileRef = 916915F61EF467FD00B80920 /* ContactView.swift */; };
		916916181EF467FD00B80920 /* Testing.swift in Sources */ = {isa = PBXBuildFile; fileRef = 916915F71EF467FD00B80920 /* Testing.swift */; };
		916916191EF467FD00B80920 /* CoreFramework.swift in Sources */ = {isa = PBXBuildFile; fileRef = 916915F81EF467FD00B80920 /* CoreFramework.swift */; };
		9169161A1EF467FD00B80920 /* WCSessionManager.swift in Sources */ = {isa = PBXBuildFile; fileRef = 916915F91EF467FD00B80920 /* WCSessionManager.swift */; };
		9169161B1EF467FD00B80920 /* GeoLocationManager.swift in Sources */ = {isa = PBXBuildFile; fileRef = 916915FA1EF467FD00B80920 /* GeoLocationManager.swift */; };
		9169161C1EF467FD00B80920 /* GoogleService-Info.plist in Resources */ = {isa = PBXBuildFile; fileRef = 916915FB1EF467FD00B80920 /* GoogleService-Info.plist */; };
		9169161D1EF467FD00B80920 /* NewPassViewController.swift in Sources */ = {isa = PBXBuildFile; fileRef = 916915FC1EF467FD00B80920 /* NewPassViewController.swift */; };
		9169161E1EF467FD00B80920 /* SettingsViewController.swift in Sources */ = {isa = PBXBuildFile; fileRef = 916915FD1EF467FD00B80920 /* SettingsViewController.swift */; };
		9169161F1EF467FD00B80920 /* LocationTest.gpx in Resources */ = {isa = PBXBuildFile; fileRef = 916915FE1EF467FD00B80920 /* LocationTest.gpx */; };
		916916201EF467FD00B80920 /* 3D+QuickActions.swift in Sources */ = {isa = PBXBuildFile; fileRef = 916915FF1EF467FD00B80920 /* 3D+QuickActions.swift */; };
		916916211EF467FD00B80920 /* CDInterfaceBuilderView.swift in Sources */ = {isa = PBXBuildFile; fileRef = 916916001EF467FD00B80920 /* CDInterfaceBuilderView.swift */; };
		916916221EF467FD00B80920 /* en.lproj in Resources */ = {isa = PBXBuildFile; fileRef = 916916011EF467FD00B80920 /* en.lproj */; };
		916916231EF467FD00B80920 /* DatabaseManager.swift in Sources */ = {isa = PBXBuildFile; fileRef = 916916021EF467FD00B80920 /* DatabaseManager.swift */; };
		916916241EF467FD00B80920 /* CheckInPassViewController.swift in Sources */ = {isa = PBXBuildFile; fileRef = 916916031EF467FD00B80920 /* CheckInPassViewController.swift */; };
		916916251EF467FD00B80920 /* RootViewController.swift in Sources */ = {isa = PBXBuildFile; fileRef = 916916041EF467FD00B80920 /* RootViewController.swift */; };
		9169162C1EF469F500B80920 /* Main.storyboard in Resources */ = {isa = PBXBuildFile; fileRef = 916916281EF469F500B80920 /* Main.storyboard */; };
		9169162D1EF469F500B80920 /* LaunchScreen.storyboard in Resources */ = {isa = PBXBuildFile; fileRef = 9169162A1EF469F500B80920 /* LaunchScreen.storyboard */; };
		916916311EF46A9500B80920 /* True Pass.xcdatamodeld in Sources */ = {isa = PBXBuildFile; fileRef = 916916301EF46A9500B80920 /* True Pass.xcdatamodeld */; };
		916916361EF46B4100B80920 /* Base.lproj in Resources */ = {isa = PBXBuildFile; fileRef = 916916331EF46B4100B80920 /* Base.lproj */; };
		916916371EF46B4100B80920 /* Assets.xcassets in Resources */ = {isa = PBXBuildFile; fileRef = 916916341EF46B4100B80920 /* Assets.xcassets */; };
		916916381EF46B4100B80920 /* Info.plist in Resources */ = {isa = PBXBuildFile; fileRef = 916916351EF46B4100B80920 /* Info.plist */; };
		917FDA071EB816BB00616173 /* CloudKit.framework in Frameworks */ = {isa = PBXBuildFile; fileRef = 917FDA061EB816BB00616173 /* CloudKit.framework */; };
		917FDA0E1EB85C7F00616173 /* ManagedInterfaceController.swift in Sources */ = {isa = PBXBuildFile; fileRef = 917FDA0D1EB85C7F00616173 /* ManagedInterfaceController.swift */; };
		9187E3BF1EA2F3700085E415 /* True PassWatchKitApp Extension.appex in Embed App Extensions */ = {isa = PBXBuildFile; fileRef = 9187E3BE1EA2F3700085E415 /* True PassWatchKitApp Extension.appex */; settings = {ATTRIBUTES = (RemoveHeadersOnCopy, ); }; };
		9187E3C61EA2F3700085E415 /* InterfaceController.swift in Sources */ = {isa = PBXBuildFile; fileRef = 9187E3C51EA2F3700085E415 /* InterfaceController.swift */; };
		9187E3C81EA2F3700085E415 /* ExtensionDelegate.swift in Sources */ = {isa = PBXBuildFile; fileRef = 9187E3C71EA2F3700085E415 /* ExtensionDelegate.swift */; };
		9187E3CA1EA2F3700085E415 /* NotificationController.swift in Sources */ = {isa = PBXBuildFile; fileRef = 9187E3C91EA2F3700085E415 /* NotificationController.swift */; };
		9187E3CC1EA2F3700085E415 /* ComplicationController.swift in Sources */ = {isa = PBXBuildFile; fileRef = 9187E3CB1EA2F3700085E415 /* ComplicationController.swift */; };
		9187E3CE1EA2F3700085E415 /* Assets.xcassets in Resources */ = {isa = PBXBuildFile; fileRef = 9187E3CD1EA2F3700085E415 /* Assets.xcassets */; };
		9187E3D21EA2F3700085E415 /* True PassWatchKitApp.app in Embed Watch Content */ = {isa = PBXBuildFile; fileRef = 9187E3B21EA2F3700085E415 /* True PassWatchKitApp.app */; };
		9187E3DE1EA341090085E415 /* MapViewInterfaceController.swift in Sources */ = {isa = PBXBuildFile; fileRef = 9187E3DD1EA341090085E415 /* MapViewInterfaceController.swift */; };
		9187E3E11EA343490085E415 /* CheckInPassInterfaceController.swift in Sources */ = {isa = PBXBuildFile; fileRef = 9187E3E01EA343490085E415 /* CheckInPassInterfaceController.swift */; };
		9187E3E21EA344490085E415 /* WatchFramework.swift in Sources */ = {isa = PBXBuildFile; fileRef = 9187E3DB1EA3400A0085E415 /* WatchFramework.swift */; };
		918BDCC71EB68C9E00DBAB4C /* CommonPlatform.swift in Sources */ = {isa = PBXBuildFile; fileRef = 918BDCC61EB68C9E00DBAB4C /* CommonPlatform.swift */; };
		918BDCC81EB68C9E00DBAB4C /* CommonPlatform.swift in Sources */ = {isa = PBXBuildFile; fileRef = 918BDCC61EB68C9E00DBAB4C /* CommonPlatform.swift */; };
		918BDCCC1EB6943A00DBAB4C /* WCSessionManager.swift in Sources */ = {isa = PBXBuildFile; fileRef = 918BDCCB1EB6943A00DBAB4C /* WCSessionManager.swift */; };
/* End PBXBuildFile section */

/* Begin PBXContainerItemProxy section */
		9187E3C01EA2F3700085E415 /* PBXContainerItemProxy */ = {
			isa = PBXContainerItemProxy;
			containerPortal = 916E0EDC1E8F6CB700911417 /* Project object */;
			proxyType = 1;
			remoteGlobalIDString = 9187E3BD1EA2F3700085E415;
			remoteInfo = "CheckInWatchKitApp Extension";
		};
		9187E3D01EA2F3700085E415 /* PBXContainerItemProxy */ = {
			isa = PBXContainerItemProxy;
			containerPortal = 916E0EDC1E8F6CB700911417 /* Project object */;
			proxyType = 1;
			remoteGlobalIDString = 9187E3B11EA2F3700085E415;
			remoteInfo = CheckInWatchKitApp;
		};
/* End PBXContainerItemProxy section */

/* Begin PBXCopyFilesBuildPhase section */
		9187E3D81EA2F3700085E415 /* Embed App Extensions */ = {
			isa = PBXCopyFilesBuildPhase;
			buildActionMask = 2147483647;
			dstPath = "";
			dstSubfolderSpec = 13;
			files = (
				9187E3BF1EA2F3700085E415 /* True PassWatchKitApp Extension.appex in Embed App Extensions */,
			);
			name = "Embed App Extensions";
			runOnlyForDeploymentPostprocessing = 0;
		};
		9187E3DA1EA2F3700085E415 /* Embed Watch Content */ = {
			isa = PBXCopyFilesBuildPhase;
			buildActionMask = 2147483647;
			dstPath = "$(CONTENTS_FOLDER_PATH)/Watch";
			dstSubfolderSpec = 16;
			files = (
				9187E3D21EA2F3700085E415 /* True PassWatchKitApp.app in Embed Watch Content */,
			);
			name = "Embed Watch Content";
			runOnlyForDeploymentPostprocessing = 0;
		};
/* End PBXCopyFilesBuildPhase section */

/* Begin PBXFileReference section */
		202CC4100FC09559B7E1EC85 /* Pods-True Pass.release.xcconfig */ = {isa = PBXFileReference; includeInIndex = 1; lastKnownFileType = text.xcconfig; name = "Pods-True Pass.release.xcconfig"; path = "Pods/Target Support Files/Pods-True Pass/Pods-True Pass.release.xcconfig"; sourceTree = "<group>"; };
		5FAC440A24E209889042AF88 /* Pods-True Pass.debug.xcconfig */ = {isa = PBXFileReference; includeInIndex = 1; lastKnownFileType = text.xcconfig; name = "Pods-True Pass.debug.xcconfig"; path = "Pods/Target Support Files/Pods-True Pass/Pods-True Pass.debug.xcconfig"; sourceTree = "<group>"; };
		910FD5CD1EC678450058FF5C /* Pass.swift */ = {isa = PBXFileReference; fileEncoding = 4; lastKnownFileType = sourcecode.swift; path = Pass.swift; sourceTree = "<group>"; };
		9112C6D01EF0086C00584D91 /* PassKit.framework */ = {isa = PBXFileReference; lastKnownFileType = wrapper.framework; name = PassKit.framework; path = Platforms/WatchOS.platform/Developer/SDKs/WatchOS3.2.sdk/System/Library/Frameworks/PassKit.framework; sourceTree = DEVELOPER_DIR; };
		911FC20C1EA6CBBD00B6936F /* PassDetailInterfaceController.swift */ = {isa = PBXFileReference; fileEncoding = 4; lastKnownFileType = sourcecode.swift; path = PassDetailInterfaceController.swift; sourceTree = "<group>"; };
		9139BA661EBBFC2D00F365EF /* UserInfoInterfaceController.swift */ = {isa = PBXFileReference; fileEncoding = 4; lastKnownFileType = sourcecode.swift; path = UserInfoInterfaceController.swift; sourceTree = "<group>"; };
		9139BA691EBC007700F365EF /* PassKit.framework */ = {isa = PBXFileReference; lastKnownFileType = wrapper.framework; name = PassKit.framework; path = System/Library/Frameworks/PassKit.framework; sourceTree = SDKROOT; };
		9139BA6C1EBC011900F365EF /* True PassWatchKitApp Extension.entitlements */ = {isa = PBXFileReference; lastKnownFileType = text.plist.entitlements; name = "True PassWatchKitApp Extension.entitlements"; path = "CheckInWatchKitApp Extension/True PassWatchKitApp Extension.entitlements"; sourceTree = "<group>"; };
		916915DE1EF4673A00B80920 /* True Pass.entitlements */ = {isa = PBXFileReference; fileEncoding = 4; lastKnownFileType = text.plist.entitlements; name = "True Pass.entitlements"; path = "True Pass/True Pass.entitlements"; sourceTree = SOURCE_ROOT; };
		916915DF1EF467C400B80920 /* Info.plist */ = {isa = PBXFileReference; fileEncoding = 4; lastKnownFileType = text.plist.xml; name = Info.plist; path = "True Pass/Info.plist"; sourceTree = SOURCE_ROOT; };
		916915E11EF467E800B80920 /* CommonDataModels.swift */ = {isa = PBXFileReference; fileEncoding = 4; lastKnownFileType = sourcecode.swift; path = CommonDataModels.swift; sourceTree = SOURCE_ROOT; };
		916915E21EF467E800B80920 /* LoginViewController.swift */ = {isa = PBXFileReference; fileEncoding = 4; lastKnownFileType = sourcecode.swift; path = LoginViewController.swift; sourceTree = SOURCE_ROOT; };
		916915E61EF467FD00B80920 /* Base.lproj */ = {isa = PBXFileReference; lastKnownFileType = folder; name = Base.lproj; path = "True Pass/Base.lproj"; sourceTree = SOURCE_ROOT; };
		916915E71EF467FD00B80920 /* ManagedViewController.swift */ = {isa = PBXFileReference; fileEncoding = 4; lastKnownFileType = sourcecode.swift; name = ManagedViewController.swift; path = "True Pass/ManagedViewController.swift"; sourceTree = SOURCE_ROOT; };
		916915E81EF467FD00B80920 /* PassesViewController.swift */ = {isa = PBXFileReference; fileEncoding = 4; lastKnownFileType = sourcecode.swift; name = PassesViewController.swift; path = "True Pass/PassesViewController.swift"; sourceTree = SOURCE_ROOT; };
		916915E91EF467FD00B80920 /* ContactView.xib */ = {isa = PBXFileReference; fileEncoding = 4; lastKnownFileType = file.xib; name = ContactView.xib; path = "True Pass/ContactView.xib"; sourceTree = SOURCE_ROOT; };
		916915EA1EF467FD00B80920 /* Assets.xcassets */ = {isa = PBXFileReference; lastKnownFileType = folder.assetcatalog; name = Assets.xcassets; path = "True Pass/Assets.xcassets"; sourceTree = SOURCE_ROOT; };
		916915EB1EF467FD00B80920 /* MapViewController.swift */ = {isa = PBXFileReference; fileEncoding = 4; lastKnownFileType = sourcecode.swift; name = MapViewController.swift; path = "True Pass/MapViewController.swift"; sourceTree = SOURCE_ROOT; };
		916915EC1EF467FD00B80920 /* CDExtensions.swift */ = {isa = PBXFileReference; fileEncoding = 4; lastKnownFileType = sourcecode.swift; name = CDExtensions.swift; path = "True Pass/CDExtensions.swift"; sourceTree = SOURCE_ROOT; };
		916915ED1EF467FD00B80920 /* PassDetailViewController.swift */ = {isa = PBXFileReference; fileEncoding = 4; lastKnownFileType = sourcecode.swift; name = PassDetailViewController.swift; path = "True Pass/PassDetailViewController.swift"; sourceTree = SOURCE_ROOT; };
		916915EE1EF467FD00B80920 /* UserAuthentication.swift */ = {isa = PBXFileReference; fileEncoding = 4; lastKnownFileType = sourcecode.swift; name = UserAuthentication.swift; path = "True Pass/UserAuthentication.swift"; sourceTree = SOURCE_ROOT; };
		916915EF1EF467FD00B80920 /* FirebaseObjects.swift */ = {isa = PBXFileReference; fileEncoding = 4; lastKnownFileType = sourcecode.swift; name = FirebaseObjects.swift; path = "True Pass/FirebaseObjects.swift"; sourceTree = SOURCE_ROOT; };
		916915F01EF467FD00B80920 /* FirebaseService.swift */ = {isa = PBXFileReference; fileEncoding = 4; lastKnownFileType = sourcecode.swift; name = FirebaseService.swift; path = "True Pass/FirebaseService.swift"; sourceTree = SOURCE_ROOT; };
		916915F11EF467FD00B80920 /* PassKitManager.swift */ = {isa = PBXFileReference; fileEncoding = 4; lastKnownFileType = sourcecode.swift; name = PassKitManager.swift; path = "True Pass/PassKitManager.swift"; sourceTree = SOURCE_ROOT; };
		916915F21EF467FD00B80920 /* Extensions.swift */ = {isa = PBXFileReference; fileEncoding = 4; lastKnownFileType = sourcecode.swift; name = Extensions.swift; path = "True Pass/Extensions.swift"; sourceTree = SOURCE_ROOT; };
		916915F31EF467FD00B80920 /* Designables.swift */ = {isa = PBXFileReference; fileEncoding = 4; lastKnownFileType = sourcecode.swift; name = Designables.swift; path = "True Pass/Designables.swift"; sourceTree = SOURCE_ROOT; };
		916915F41EF467FD00B80920 /* AppDelegate.swift */ = {isa = PBXFileReference; fileEncoding = 4; lastKnownFileType = sourcecode.swift; name = AppDelegate.swift; path = "True Pass/AppDelegate.swift"; sourceTree = SOURCE_ROOT; };
		916915F51EF467FD00B80920 /* FirebaseStorage.swift */ = {isa = PBXFileReference; fileEncoding = 4; lastKnownFileType = sourcecode.swift; name = FirebaseStorage.swift; path = "True Pass/FirebaseStorage.swift"; sourceTree = SOURCE_ROOT; };
		916915F61EF467FD00B80920 /* ContactView.swift */ = {isa = PBXFileReference; fileEncoding = 4; lastKnownFileType = sourcecode.swift; name = ContactView.swift; path = "True Pass/ContactView.swift"; sourceTree = SOURCE_ROOT; };
		916915F71EF467FD00B80920 /* Testing.swift */ = {isa = PBXFileReference; fileEncoding = 4; lastKnownFileType = sourcecode.swift; name = Testing.swift; path = "True Pass/Testing.swift"; sourceTree = SOURCE_ROOT; };
		916915F81EF467FD00B80920 /* CoreFramework.swift */ = {isa = PBXFileReference; fileEncoding = 4; lastKnownFileType = sourcecode.swift; name = CoreFramework.swift; path = "True Pass/CoreFramework.swift"; sourceTree = SOURCE_ROOT; };
		916915F91EF467FD00B80920 /* WCSessionManager.swift */ = {isa = PBXFileReference; fileEncoding = 4; lastKnownFileType = sourcecode.swift; name = WCSessionManager.swift; path = "True Pass/WCSessionManager.swift"; sourceTree = SOURCE_ROOT; };
		916915FA1EF467FD00B80920 /* GeoLocationManager.swift */ = {isa = PBXFileReference; fileEncoding = 4; lastKnownFileType = sourcecode.swift; name = GeoLocationManager.swift; path = "True Pass/GeoLocationManager.swift"; sourceTree = SOURCE_ROOT; };
		916915FB1EF467FD00B80920 /* GoogleService-Info.plist */ = {isa = PBXFileReference; fileEncoding = 4; lastKnownFileType = text.plist.xml; name = "GoogleService-Info.plist"; path = "True Pass/GoogleService-Info.plist"; sourceTree = SOURCE_ROOT; };
		916915FC1EF467FD00B80920 /* NewPassViewController.swift */ = {isa = PBXFileReference; fileEncoding = 4; lastKnownFileType = sourcecode.swift; name = NewPassViewController.swift; path = "True Pass/NewPassViewController.swift"; sourceTree = SOURCE_ROOT; };
		916915FD1EF467FD00B80920 /* SettingsViewController.swift */ = {isa = PBXFileReference; fileEncoding = 4; lastKnownFileType = sourcecode.swift; name = SettingsViewController.swift; path = "True Pass/SettingsViewController.swift"; sourceTree = SOURCE_ROOT; };
		916915FE1EF467FD00B80920 /* LocationTest.gpx */ = {isa = PBXFileReference; fileEncoding = 4; lastKnownFileType = text.xml; name = LocationTest.gpx; path = "True Pass/LocationTest.gpx"; sourceTree = SOURCE_ROOT; };
		916915FF1EF467FD00B80920 /* 3D+QuickActions.swift */ = {isa = PBXFileReference; fileEncoding = 4; lastKnownFileType = sourcecode.swift; name = "3D+QuickActions.swift"; path = "True Pass/3D+QuickActions.swift"; sourceTree = SOURCE_ROOT; };
		916916001EF467FD00B80920 /* CDInterfaceBuilderView.swift */ = {isa = PBXFileReference; fileEncoding = 4; lastKnownFileType = sourcecode.swift; name = CDInterfaceBuilderView.swift; path = "True Pass/CDInterfaceBuilderView.swift"; sourceTree = SOURCE_ROOT; };
		916916011EF467FD00B80920 /* en.lproj */ = {isa = PBXFileReference; lastKnownFileType = folder; name = en.lproj; path = "True Pass/en.lproj"; sourceTree = SOURCE_ROOT; };
		916916021EF467FD00B80920 /* DatabaseManager.swift */ = {isa = PBXFileReference; fileEncoding = 4; lastKnownFileType = sourcecode.swift; name = DatabaseManager.swift; path = "True Pass/DatabaseManager.swift"; sourceTree = SOURCE_ROOT; };
		916916031EF467FD00B80920 /* CheckInPassViewController.swift */ = {isa = PBXFileReference; fileEncoding = 4; lastKnownFileType = sourcecode.swift; name = CheckInPassViewController.swift; path = "True Pass/CheckInPassViewController.swift"; sourceTree = SOURCE_ROOT; };
		916916041EF467FD00B80920 /* RootViewController.swift */ = {isa = PBXFileReference; fileEncoding = 4; lastKnownFileType = sourcecode.swift; name = RootViewController.swift; path = "True Pass/RootViewController.swift"; sourceTree = SOURCE_ROOT; };
		916916051EF467FD00B80920 /* CheckIn-Bridging-Header.h */ = {isa = PBXFileReference; fileEncoding = 4; lastKnownFileType = sourcecode.c.h; name = "CheckIn-Bridging-Header.h"; path = "True Pass/CheckIn-Bridging-Header.h"; sourceTree = SOURCE_ROOT; };
		916916291EF469F500B80920 /* Base */ = {isa = PBXFileReference; lastKnownFileType = file.storyboard; name = Base; path = "True Pass/Base.lproj/Main.storyboard"; sourceTree = "<group>"; };
		9169162B1EF469F500B80920 /* Base */ = {isa = PBXFileReference; lastKnownFileType = file.storyboard; name = Base; path = "True Pass/Base.lproj/LaunchScreen.storyboard"; sourceTree = "<group>"; };
		916916321EF46B4100B80920 /* True PassWatchKitApp.entitlements */ = {isa = PBXFileReference; fileEncoding = 4; lastKnownFileType = text.plist.entitlements; path = "True PassWatchKitApp.entitlements"; sourceTree = "<group>"; };
		916916331EF46B4100B80920 /* Base.lproj */ = {isa = PBXFileReference; lastKnownFileType = folder; path = Base.lproj; sourceTree = "<group>"; };
		916916341EF46B4100B80920 /* Assets.xcassets */ = {isa = PBXFileReference; lastKnownFileType = folder.assetcatalog; path = Assets.xcassets; sourceTree = "<group>"; };
		916916351EF46B4100B80920 /* Info.plist */ = {isa = PBXFileReference; fileEncoding = 4; lastKnownFileType = text.plist.xml; path = Info.plist; sourceTree = "<group>"; };
		916E0EE41E8F6CB700911417 /* True Pass.app */ = {isa = PBXFileReference; explicitFileType = wrapper.application; includeInIndex = 0; path = "True Pass.app"; sourceTree = BUILT_PRODUCTS_DIR; };
		917FDA061EB816BB00616173 /* CloudKit.framework */ = {isa = PBXFileReference; lastKnownFileType = wrapper.framework; name = CloudKit.framework; path = System/Library/Frameworks/CloudKit.framework; sourceTree = SDKROOT; };
		917FDA0D1EB85C7F00616173 /* ManagedInterfaceController.swift */ = {isa = PBXFileReference; fileEncoding = 4; lastKnownFileType = sourcecode.swift; path = ManagedInterfaceController.swift; sourceTree = "<group>"; };
		9187E3B21EA2F3700085E415 /* True PassWatchKitApp.app */ = {isa = PBXFileReference; explicitFileType = wrapper.application; includeInIndex = 0; path = "True PassWatchKitApp.app"; sourceTree = BUILT_PRODUCTS_DIR; };
		9187E3B51EA2F3700085E415 /* Base */ = {isa = PBXFileReference; lastKnownFileType = file.storyboard; name = Base; path = Base.lproj/Interface.storyboard; sourceTree = "<group>"; };
		9187E3BE1EA2F3700085E415 /* True PassWatchKitApp Extension.appex */ = {isa = PBXFileReference; explicitFileType = "wrapper.app-extension"; includeInIndex = 0; path = "True PassWatchKitApp Extension.appex"; sourceTree = BUILT_PRODUCTS_DIR; };
		9187E3C41EA2F3700085E415 /* PushNotificationPayload.apns */ = {isa = PBXFileReference; lastKnownFileType = text; path = PushNotificationPayload.apns; sourceTree = "<group>"; };
		9187E3C51EA2F3700085E415 /* InterfaceController.swift */ = {isa = PBXFileReference; lastKnownFileType = sourcecode.swift; path = InterfaceController.swift; sourceTree = "<group>"; };
		9187E3C71EA2F3700085E415 /* ExtensionDelegate.swift */ = {isa = PBXFileReference; lastKnownFileType = sourcecode.swift; path = ExtensionDelegate.swift; sourceTree = "<group>"; };
		9187E3C91EA2F3700085E415 /* NotificationController.swift */ = {isa = PBXFileReference; lastKnownFileType = sourcecode.swift; path = NotificationController.swift; sourceTree = "<group>"; };
		9187E3CB1EA2F3700085E415 /* ComplicationController.swift */ = {isa = PBXFileReference; lastKnownFileType = sourcecode.swift; path = ComplicationController.swift; sourceTree = "<group>"; };
		9187E3CD1EA2F3700085E415 /* Assets.xcassets */ = {isa = PBXFileReference; lastKnownFileType = folder.assetcatalog; path = Assets.xcassets; sourceTree = "<group>"; };
		9187E3CF1EA2F3700085E415 /* Info.plist */ = {isa = PBXFileReference; lastKnownFileType = text.plist.xml; path = Info.plist; sourceTree = "<group>"; };
		9187E3DB1EA3400A0085E415 /* WatchFramework.swift */ = {isa = PBXFileReference; fileEncoding = 4; lastKnownFileType = sourcecode.swift; name = WatchFramework.swift; path = ../CheckInWatchKitApp/WatchFramework.swift; sourceTree = "<group>"; };
		9187E3DD1EA341090085E415 /* MapViewInterfaceController.swift */ = {isa = PBXFileReference; fileEncoding = 4; lastKnownFileType = sourcecode.swift; path = MapViewInterfaceController.swift; sourceTree = "<group>"; };
		9187E3E01EA343490085E415 /* CheckInPassInterfaceController.swift */ = {isa = PBXFileReference; fileEncoding = 4; lastKnownFileType = sourcecode.swift; path = CheckInPassInterfaceController.swift; sourceTree = "<group>"; };
		918BDCC61EB68C9E00DBAB4C /* CommonPlatform.swift */ = {isa = PBXFileReference; fileEncoding = 4; lastKnownFileType = sourcecode.swift; path = CommonPlatform.swift; sourceTree = "<group>"; };
		918BDCCB1EB6943A00DBAB4C /* WCSessionManager.swift */ = {isa = PBXFileReference; fileEncoding = 4; lastKnownFileType = sourcecode.swift; path = WCSessionManager.swift; sourceTree = "<group>"; };
		AB3F94BA52E62BF2AAC94983 /* Pods_True_Pass.framework */ = {isa = PBXFileReference; explicitFileType = wrapper.framework; includeInIndex = 0; path = Pods_True_Pass.framework; sourceTree = BUILT_PRODUCTS_DIR; };
/* End PBXFileReference section */

/* Begin PBXFrameworksBuildPhase section */
		916E0EE11E8F6CB700911417 /* Frameworks */ = {
			isa = PBXFrameworksBuildPhase;
			buildActionMask = 2147483647;
			files = (
				9139BA6A1EBC007700F365EF /* PassKit.framework in Frameworks */,
				917FDA071EB816BB00616173 /* CloudKit.framework in Frameworks */,
				03DB8D148D2E557705EFB4B8 /* Pods_True_Pass.framework in Frameworks */,
			);
			runOnlyForDeploymentPostprocessing = 0;
		};
		9187E3BB1EA2F3700085E415 /* Frameworks */ = {
			isa = PBXFrameworksBuildPhase;
			buildActionMask = 2147483647;
			files = (
				9112C6D11EF0086C00584D91 /* PassKit.framework in Frameworks */,
			);
			runOnlyForDeploymentPostprocessing = 0;
		};
		A6520878EEB588272BA54CA0 /* Frameworks */ = {
			isa = PBXFrameworksBuildPhase;
			buildActionMask = 2147483647;
			files = (
			);
			runOnlyForDeploymentPostprocessing = 0;
		};
/* End PBXFrameworksBuildPhase section */

/* Begin PBXGroup section */
		910134591EB521F8006D11AD /* Managers */ = {
			isa = PBXGroup;
			children = (
				91273E7E1EDDEA6500FB4E25 /* DataServices */,
				918DB6DD1EF425070093B86A /* HomeKit Service */,
				91D517B91ED7906800E6B452 /* PassKitService */,
			);
			name = Managers;
			sourceTree = "<group>";
		};
		911B7E5E1EE70C690074D338 /* Core Operations */ = {
			isa = PBXGroup;
			children = (
			);
			name = "Core Operations";
			sourceTree = "<group>";
		};
		91273E7E1EDDEA6500FB4E25 /* DataServices */ = {
			isa = PBXGroup;
			children = (
			);
			name = DataServices;
			sourceTree = "<group>";
		};
		9139BA681EBBFCD300F365EF /* Models */ = {
			isa = PBXGroup;
			children = (
				917FDA0D1EB85C7F00616173 /* ManagedInterfaceController.swift */,
				910FD5CD1EC678450058FF5C /* Pass.swift */,
			);
			name = Models;
			sourceTree = "<group>";
		};
		9169EE191EB2FAD20018C434 /* Models */ = {
			isa = PBXGroup;
			children = (
			);
			name = Models;
			sourceTree = "<group>";
		};
		9169EE1A1EB2FAF10018C434 /* Controllers */ = {
			isa = PBXGroup;
			children = (
			);
			name = Controllers;
			sourceTree = "<group>";
		};
		9169EE1B1EB2FB100018C434 /* Views */ = {
			isa = PBXGroup;
			children = (
			);
			name = Views;
			sourceTree = "<group>";
		};
		916E0EDB1E8F6CB700911417 = {
			isa = PBXGroup;
			children = (
				916916281EF469F500B80920 /* Main.storyboard */,
				9169162A1EF469F500B80920 /* LaunchScreen.storyboard */,
				9139BA6C1EBC011900F365EF /* True PassWatchKitApp Extension.entitlements */,
				918BDCC61EB68C9E00DBAB4C /* CommonPlatform.swift */,
				916E0EE61E8F6CB700911417 /* True Pass */,
				9187E3B31EA2F3700085E415 /* TruePassWatchKitApp */,
				9187E3C21EA2F3700085E415 /* TruePassWatchKitAppExtension */,
				916E0EE51E8F6CB700911417 /* Products */,
				9E79CA9B8E858BB0B0ABB5E0 /* Pods */,
				95260616F8D44D890B15213F /* Frameworks */,
			);
			sourceTree = "<group>";
		};
		916E0EE51E8F6CB700911417 /* Products */ = {
			isa = PBXGroup;
			children = (
				916E0EE41E8F6CB700911417 /* True Pass.app */,
				9187E3B21EA2F3700085E415 /* True PassWatchKitApp.app */,
				9187E3BE1EA2F3700085E415 /* True PassWatchKitApp Extension.appex */,
			);
			name = Products;
			sourceTree = "<group>";
		};
		916E0EE61E8F6CB700911417 /* True Pass */ = {
			isa = PBXGroup;
			children = (
				916915DE1EF4673A00B80920 /* True Pass.entitlements */,
				910134591EB521F8006D11AD /* Managers */,
				9169EE191EB2FAD20018C434 /* Models */,
				9169EE1A1EB2FAF10018C434 /* Controllers */,
				9169EE1B1EB2FB100018C434 /* Views */,
				911B7E5E1EE70C690074D338 /* Core Operations */,
				916915DF1EF467C400B80920 /* Info.plist */,
				916916301EF46A9500B80920 /* True Pass.xcdatamodeld */,
				916915E61EF467FD00B80920 /* Base.lproj */,
				916915E71EF467FD00B80920 /* ManagedViewController.swift */,
				916915E81EF467FD00B80920 /* PassesViewController.swift */,
				916915E91EF467FD00B80920 /* ContactView.xib */,
				916915EA1EF467FD00B80920 /* Assets.xcassets */,
				916915EB1EF467FD00B80920 /* MapViewController.swift */,
				916915EC1EF467FD00B80920 /* CDExtensions.swift */,
				916915ED1EF467FD00B80920 /* PassDetailViewController.swift */,
				916915EE1EF467FD00B80920 /* UserAuthentication.swift */,
				916915EF1EF467FD00B80920 /* FirebaseObjects.swift */,
				916915F01EF467FD00B80920 /* FirebaseService.swift */,
				916915F11EF467FD00B80920 /* PassKitManager.swift */,
				916915F21EF467FD00B80920 /* Extensions.swift */,
				916915F31EF467FD00B80920 /* Designables.swift */,
				916915F41EF467FD00B80920 /* AppDelegate.swift */,
				916915F51EF467FD00B80920 /* FirebaseStorage.swift */,
				916915F61EF467FD00B80920 /* ContactView.swift */,
				916915F71EF467FD00B80920 /* Testing.swift */,
				916915F81EF467FD00B80920 /* CoreFramework.swift */,
				916915F91EF467FD00B80920 /* WCSessionManager.swift */,
				916915FA1EF467FD00B80920 /* GeoLocationManager.swift */,
				916915FB1EF467FD00B80920 /* GoogleService-Info.plist */,
				916915FC1EF467FD00B80920 /* NewPassViewController.swift */,
				916915FD1EF467FD00B80920 /* SettingsViewController.swift */,
				916915FE1EF467FD00B80920 /* LocationTest.gpx */,
				916915FF1EF467FD00B80920 /* 3D+QuickActions.swift */,
				916916001EF467FD00B80920 /* CDInterfaceBuilderView.swift */,
				916916011EF467FD00B80920 /* en.lproj */,
				916916021EF467FD00B80920 /* DatabaseManager.swift */,
				916916031EF467FD00B80920 /* CheckInPassViewController.swift */,
				916916041EF467FD00B80920 /* RootViewController.swift */,
				916916051EF467FD00B80920 /* CheckIn-Bridging-Header.h */,
				916915E11EF467E800B80920 /* CommonDataModels.swift */,
				916915E21EF467E800B80920 /* LoginViewController.swift */,
			);
			name = "True Pass";
			path = CheckIn;
			sourceTree = "<group>";
		};
		9187E3B31EA2F3700085E415 /* TruePassWatchKitApp */ = {
			isa = PBXGroup;
			children = (
				916916321EF46B4100B80920 /* True PassWatchKitApp.entitlements */,
				916916331EF46B4100B80920 /* Base.lproj */,
				916916341EF46B4100B80920 /* Assets.xcassets */,
				916916351EF46B4100B80920 /* Info.plist */,
				9187E3B41EA2F3700085E415 /* Interface.storyboard */,
			);
			name = TruePassWatchKitApp;
			path = CheckInWatchKitApp;
			sourceTree = "<group>";
		};
		9187E3C21EA2F3700085E415 /* TruePassWatchKitAppExtension */ = {
			isa = PBXGroup;
			children = (
				918BDCC91EB6930C00DBAB4C /* Managers */,
				9139BA681EBBFCD300F365EF /* Models */,
				918BDCCA1EB6932C00DBAB4C /* Controllers */,
				9187E3CD1EA2F3700085E415 /* Assets.xcassets */,
				9187E3CF1EA2F3700085E415 /* Info.plist */,
				9187E3C31EA2F3700085E415 /* Supporting Files */,
			);
			name = TruePassWatchKitAppExtension;
			path = "CheckInWatchKitApp Extension";
			sourceTree = "<group>";
		};
		9187E3C31EA2F3700085E415 /* Supporting Files */ = {
			isa = PBXGroup;
			children = (
				9187E3C41EA2F3700085E415 /* PushNotificationPayload.apns */,
			);
			name = "Supporting Files";
			sourceTree = "<group>";
		};
		918BDCC91EB6930C00DBAB4C /* Managers */ = {
			isa = PBXGroup;
			children = (
				9187E3C71EA2F3700085E415 /* ExtensionDelegate.swift */,
				918BDCCB1EB6943A00DBAB4C /* WCSessionManager.swift */,
				9187E3DB1EA3400A0085E415 /* WatchFramework.swift */,
			);
			name = Managers;
			sourceTree = "<group>";
		};
		918BDCCA1EB6932C00DBAB4C /* Controllers */ = {
			isa = PBXGroup;
			children = (
				9187E3C51EA2F3700085E415 /* InterfaceController.swift */,
				9139BA661EBBFC2D00F365EF /* UserInfoInterfaceController.swift */,
				9187E3E01EA343490085E415 /* CheckInPassInterfaceController.swift */,
				9187E3DD1EA341090085E415 /* MapViewInterfaceController.swift */,
				911FC20C1EA6CBBD00B6936F /* PassDetailInterfaceController.swift */,
				9187E3C91EA2F3700085E415 /* NotificationController.swift */,
				9187E3CB1EA2F3700085E415 /* ComplicationController.swift */,
			);
			name = Controllers;
			sourceTree = "<group>";
		};
		918DB6DD1EF425070093B86A /* HomeKit Service */ = {
			isa = PBXGroup;
			children = (
			);
			name = "HomeKit Service";
			sourceTree = "<group>";
		};
		91D517B91ED7906800E6B452 /* PassKitService */ = {
			isa = PBXGroup;
			children = (
			);
			name = PassKitService;
			sourceTree = "<group>";
		};
		95260616F8D44D890B15213F /* Frameworks */ = {
			isa = PBXGroup;
			children = (
				9112C6D01EF0086C00584D91 /* PassKit.framework */,
				9139BA691EBC007700F365EF /* PassKit.framework */,
				917FDA061EB816BB00616173 /* CloudKit.framework */,
				AB3F94BA52E62BF2AAC94983 /* Pods_True_Pass.framework */,
			);
			name = Frameworks;
			sourceTree = "<group>";
		};
		9E79CA9B8E858BB0B0ABB5E0 /* Pods */ = {
			isa = PBXGroup;
			children = (
				5FAC440A24E209889042AF88 /* Pods-True Pass.debug.xcconfig */,
				202CC4100FC09559B7E1EC85 /* Pods-True Pass.release.xcconfig */,
			);
			name = Pods;
			sourceTree = "<group>";
		};
/* End PBXGroup section */

/* Begin PBXNativeTarget section */
		916E0EE31E8F6CB700911417 /* True Pass */ = {
			isa = PBXNativeTarget;
			buildConfigurationList = 916E0EF91E8F6CB700911417 /* Build configuration list for PBXNativeTarget "True Pass" */;
			buildPhases = (
				B6914B3809FF96EFF62326D3 /* [CP] Check Pods Manifest.lock */,
				916E0EE01E8F6CB700911417 /* Sources */,
				916E0EE11E8F6CB700911417 /* Frameworks */,
				916E0EE21E8F6CB700911417 /* Resources */,
				26D8A8538680BFE0F95F1607 /* [CP] Embed Pods Frameworks */,
				0E5EA589A3B969961049D00D /* [CP] Copy Pods Resources */,
				9187E3DA1EA2F3700085E415 /* Embed Watch Content */,
			);
			buildRules = (
			);
			dependencies = (
				9187E3D11EA2F3700085E415 /* PBXTargetDependency */,
			);
			name = "True Pass";
			productName = CheckIn;
			productReference = 916E0EE41E8F6CB700911417 /* True Pass.app */;
			productType = "com.apple.product-type.application";
		};
		9187E3B11EA2F3700085E415 /* True PassWatchKitApp */ = {
			isa = PBXNativeTarget;
			buildConfigurationList = 9187E3D91EA2F3700085E415 /* Build configuration list for PBXNativeTarget "True PassWatchKitApp" */;
			buildPhases = (
				9187E3B01EA2F3700085E415 /* Resources */,
				9187E3D81EA2F3700085E415 /* Embed App Extensions */,
				A6520878EEB588272BA54CA0 /* Frameworks */,
			);
			buildRules = (
			);
			dependencies = (
				9187E3C11EA2F3700085E415 /* PBXTargetDependency */,
			);
			name = "True PassWatchKitApp";
			productName = CheckInWatchKitApp;
			productReference = 9187E3B21EA2F3700085E415 /* True PassWatchKitApp.app */;
			productType = "com.apple.product-type.application.watchapp2";
		};
		9187E3BD1EA2F3700085E415 /* True PassWatchKitApp Extension */ = {
			isa = PBXNativeTarget;
			buildConfigurationList = 9187E3D71EA2F3700085E415 /* Build configuration list for PBXNativeTarget "True PassWatchKitApp Extension" */;
			buildPhases = (
				9187E3BA1EA2F3700085E415 /* Sources */,
				9187E3BB1EA2F3700085E415 /* Frameworks */,
				9187E3BC1EA2F3700085E415 /* Resources */,
			);
			buildRules = (
			);
			dependencies = (
			);
			name = "True PassWatchKitApp Extension";
			productName = "CheckInWatchKitApp Extension";
			productReference = 9187E3BE1EA2F3700085E415 /* True PassWatchKitApp Extension.appex */;
			productType = "com.apple.product-type.watchkit2-extension";
		};
/* End PBXNativeTarget section */

/* Begin PBXProject section */
		916E0EDC1E8F6CB700911417 /* Project object */ = {
			isa = PBXProject;
			attributes = {
				LastSwiftUpdateCheck = 0830;
				LastUpgradeCheck = 0830;
				ORGANIZATIONNAME = "Clifford Panos";
				TargetAttributes = {
					916E0EE31E8F6CB700911417 = {
						CreatedOnToolsVersion = 8.3;
						DevelopmentTeam = V7HL83ZN6U;
						LastSwiftMigration = 0830;
						ProvisioningStyle = Automatic;
						SystemCapabilities = {
							com.apple.ApplicationGroups.iOS = {
								enabled = 1;
							};
							com.apple.Maps.iOS = {
								enabled = 0;
							};
							com.apple.Push = {
								enabled = 1;
							};
							com.apple.SafariKeychain = {
								enabled = 0;
							};
							com.apple.Wallet = {
								enabled = 1;
							};
							com.apple.iCloud = {
								enabled = 1;
							};
						};
					};
					9187E3B11EA2F3700085E415 = {
						CreatedOnToolsVersion = 8.3.1;
						DevelopmentTeam = V7HL83ZN6U;
						ProvisioningStyle = Automatic;
						SystemCapabilities = {
							com.apple.ApplicationGroups.iOS = {
								enabled = 1;
							};
						};
					};
					9187E3BD1EA2F3700085E415 = {
						CreatedOnToolsVersion = 8.3.1;
						DevelopmentTeam = V7HL83ZN6U;
						ProvisioningStyle = Automatic;
						SystemCapabilities = {
							com.apple.ApplicationGroups.iOS = {
								enabled = 1;
							};
							com.apple.Push = {
								enabled = 1;
							};
							com.apple.Wallet = {
								enabled = 1;
							};
						};
					};
				};
			};
			buildConfigurationList = 916E0EDF1E8F6CB700911417 /* Build configuration list for PBXProject "True Pass" */;
			compatibilityVersion = "Xcode 3.2";
			developmentRegion = English;
			hasScannedForEncodings = 0;
			knownRegions = (
				en,
				Base,
			);
			mainGroup = 916E0EDB1E8F6CB700911417;
			productRefGroup = 916E0EE51E8F6CB700911417 /* Products */;
			projectDirPath = "";
			projectRoot = "";
			targets = (
				916E0EE31E8F6CB700911417 /* True Pass */,
				9187E3B11EA2F3700085E415 /* True PassWatchKitApp */,
				9187E3BD1EA2F3700085E415 /* True PassWatchKitApp Extension */,
			);
		};
/* End PBXProject section */

/* Begin PBXResourcesBuildPhase section */
		916E0EE21E8F6CB700911417 /* Resources */ = {
			isa = PBXResourcesBuildPhase;
			buildActionMask = 2147483647;
			files = (
				9169161F1EF467FD00B80920 /* LocationTest.gpx in Resources */,
				9169162C1EF469F500B80920 /* Main.storyboard in Resources */,
				916916371EF46B4100B80920 /* Assets.xcassets in Resources */,
				916916361EF46B4100B80920 /* Base.lproj in Resources */,
				916916071EF467FD00B80920 /* Base.lproj in Resources */,
				916916221EF467FD00B80920 /* en.lproj in Resources */,
				916915E01EF467C400B80920 /* Info.plist in Resources */,
				9169161C1EF467FD00B80920 /* GoogleService-Info.plist in Resources */,
				916916381EF46B4100B80920 /* Info.plist in Resources */,
				9169160B1EF467FD00B80920 /* Assets.xcassets in Resources */,
				9169162D1EF469F500B80920 /* LaunchScreen.storyboard in Resources */,
				9169160A1EF467FD00B80920 /* ContactView.xib in Resources */,
			);
			runOnlyForDeploymentPostprocessing = 0;
		};
		9187E3B01EA2F3700085E415 /* Resources */ = {
			isa = PBXResourcesBuildPhase;
			buildActionMask = 2147483647;
			files = (
				910FD5D11EC678C80058FF5C /* Interface.storyboard in Resources */,
			);
			runOnlyForDeploymentPostprocessing = 0;
		};
		9187E3BC1EA2F3700085E415 /* Resources */ = {
			isa = PBXResourcesBuildPhase;
			buildActionMask = 2147483647;
			files = (
				910FD5D01EC678520058FF5C /* Interface.storyboard in Resources */,
				9187E3CE1EA2F3700085E415 /* Assets.xcassets in Resources */,
			);
			runOnlyForDeploymentPostprocessing = 0;
		};
/* End PBXResourcesBuildPhase section */

/* Begin PBXShellScriptBuildPhase section */
		0E5EA589A3B969961049D00D /* [CP] Copy Pods Resources */ = {
			isa = PBXShellScriptBuildPhase;
			buildActionMask = 2147483647;
			files = (
			);
			inputPaths = (
			);
			name = "[CP] Copy Pods Resources";
			outputPaths = (
			);
			runOnlyForDeploymentPostprocessing = 0;
			shellPath = /bin/sh;
			shellScript = "\"${SRCROOT}/Pods/Target Support Files/Pods-True Pass/Pods-True Pass-resources.sh\"\n";
			showEnvVarsInLog = 0;
		};
		26D8A8538680BFE0F95F1607 /* [CP] Embed Pods Frameworks */ = {
			isa = PBXShellScriptBuildPhase;
			buildActionMask = 2147483647;
			files = (
			);
			inputPaths = (
			);
			name = "[CP] Embed Pods Frameworks";
			outputPaths = (
			);
			runOnlyForDeploymentPostprocessing = 0;
			shellPath = /bin/sh;
			shellScript = "\"${SRCROOT}/Pods/Target Support Files/Pods-True Pass/Pods-True Pass-frameworks.sh\"\n";
			showEnvVarsInLog = 0;
		};
		B6914B3809FF96EFF62326D3 /* [CP] Check Pods Manifest.lock */ = {
			isa = PBXShellScriptBuildPhase;
			buildActionMask = 2147483647;
			files = (
			);
			inputPaths = (
			);
			name = "[CP] Check Pods Manifest.lock";
			outputPaths = (
			);
			runOnlyForDeploymentPostprocessing = 0;
			shellPath = /bin/sh;
			shellScript = "diff \"${PODS_PODFILE_DIR_PATH}/Podfile.lock\" \"${PODS_ROOT}/Manifest.lock\" > /dev/null\nif [ $? != 0 ] ; then\n    # print error to STDERR\n    echo \"error: The sandbox is not in sync with the Podfile.lock. Run 'pod install' or update your CocoaPods installation.\" >&2\n    exit 1\nfi\n";
			showEnvVarsInLog = 0;
		};
/* End PBXShellScriptBuildPhase section */

/* Begin PBXSourcesBuildPhase section */
		916E0EE01E8F6CB700911417 /* Sources */ = {
			isa = PBXSourcesBuildPhase;
			buildActionMask = 2147483647;
			files = (
				916916151EF467FD00B80920 /* AppDelegate.swift in Sources */,
				9169160D1EF467FD00B80920 /* CDExtensions.swift in Sources */,
				916916251EF467FD00B80920 /* RootViewController.swift in Sources */,
				916916211EF467FD00B80920 /* CDInterfaceBuilderView.swift in Sources */,
				916916091EF467FD00B80920 /* PassesViewController.swift in Sources */,
				916916191EF467FD00B80920 /* CoreFramework.swift in Sources */,
				9169161A1EF467FD00B80920 /* WCSessionManager.swift in Sources */,
				916916081EF467FD00B80920 /* ManagedViewController.swift in Sources */,
				916916201EF467FD00B80920 /* 3D+QuickActions.swift in Sources */,
				9169161D1EF467FD00B80920 /* NewPassViewController.swift in Sources */,
				916916231EF467FD00B80920 /* DatabaseManager.swift in Sources */,
				916916181EF467FD00B80920 /* Testing.swift in Sources */,
				916916311EF46A9500B80920 /* True Pass.xcdatamodeld in Sources */,
				916916121EF467FD00B80920 /* PassKitManager.swift in Sources */,
				916916171EF467FD00B80920 /* ContactView.swift in Sources */,
				918BDCC71EB68C9E00DBAB4C /* CommonPlatform.swift in Sources */,
				916916131EF467FD00B80920 /* Extensions.swift in Sources */,
				9169160E1EF467FD00B80920 /* PassDetailViewController.swift in Sources */,
				9169161E1EF467FD00B80920 /* SettingsViewController.swift in Sources */,
				9169160C1EF467FD00B80920 /* MapViewController.swift in Sources */,
				916916241EF467FD00B80920 /* CheckInPassViewController.swift in Sources */,
				916915E41EF467E800B80920 /* LoginViewController.swift in Sources */,
				916916161EF467FD00B80920 /* FirebaseStorage.swift in Sources */,
				916916101EF467FD00B80920 /* FirebaseObjects.swift in Sources */,
				916916111EF467FD00B80920 /* FirebaseService.swift in Sources */,
				916916141EF467FD00B80920 /* Designables.swift in Sources */,
				9169161B1EF467FD00B80920 /* GeoLocationManager.swift in Sources */,
				9169160F1EF467FD00B80920 /* UserAuthentication.swift in Sources */,
				916915E31EF467E800B80920 /* CommonDataModels.swift in Sources */,
			);
			runOnlyForDeploymentPostprocessing = 0;
		};
		9187E3BA1EA2F3700085E415 /* Sources */ = {
			isa = PBXSourcesBuildPhase;
			buildActionMask = 2147483647;
			files = (
				9139BA671EBBFC2D00F365EF /* UserInfoInterfaceController.swift in Sources */,
				910FD5CF1EC6784C0058FF5C /* Pass.swift in Sources */,
				9187E3E11EA343490085E415 /* CheckInPassInterfaceController.swift in Sources */,
				9187E3CA1EA2F3700085E415 /* NotificationController.swift in Sources */,
				918BDCCC1EB6943A00DBAB4C /* WCSessionManager.swift in Sources */,
				9187E3E21EA344490085E415 /* WatchFramework.swift in Sources */,
				9187E3CC1EA2F3700085E415 /* ComplicationController.swift in Sources */,
				9187E3C81EA2F3700085E415 /* ExtensionDelegate.swift in Sources */,
				911FC20D1EA6CBBD00B6936F /* PassDetailInterfaceController.swift in Sources */,
				9187E3C61EA2F3700085E415 /* InterfaceController.swift in Sources */,
				918BDCC81EB68C9E00DBAB4C /* CommonPlatform.swift in Sources */,
				9187E3DE1EA341090085E415 /* MapViewInterfaceController.swift in Sources */,
				917FDA0E1EB85C7F00616173 /* ManagedInterfaceController.swift in Sources */,
			);
			runOnlyForDeploymentPostprocessing = 0;
		};
/* End PBXSourcesBuildPhase section */

/* Begin PBXTargetDependency section */
		9187E3C11EA2F3700085E415 /* PBXTargetDependency */ = {
			isa = PBXTargetDependency;
			target = 9187E3BD1EA2F3700085E415 /* True PassWatchKitApp Extension */;
			targetProxy = 9187E3C01EA2F3700085E415 /* PBXContainerItemProxy */;
		};
		9187E3D11EA2F3700085E415 /* PBXTargetDependency */ = {
			isa = PBXTargetDependency;
			target = 9187E3B11EA2F3700085E415 /* True PassWatchKitApp */;
			targetProxy = 9187E3D01EA2F3700085E415 /* PBXContainerItemProxy */;
		};
/* End PBXTargetDependency section */

/* Begin PBXVariantGroup section */
		916916281EF469F500B80920 /* Main.storyboard */ = {
			isa = PBXVariantGroup;
			children = (
				916916291EF469F500B80920 /* Base */,
			);
			name = Main.storyboard;
			sourceTree = "<group>";
		};
		9169162A1EF469F500B80920 /* LaunchScreen.storyboard */ = {
			isa = PBXVariantGroup;
			children = (
				9169162B1EF469F500B80920 /* Base */,
			);
			name = LaunchScreen.storyboard;
			sourceTree = "<group>";
		};
		9187E3B41EA2F3700085E415 /* Interface.storyboard */ = {
			isa = PBXVariantGroup;
			children = (
				9187E3B51EA2F3700085E415 /* Base */,
			);
			name = Interface.storyboard;
			sourceTree = "<group>";
		};
/* End PBXVariantGroup section */

/* Begin XCBuildConfiguration section */
		916E0EF71E8F6CB700911417 /* Debug */ = {
			isa = XCBuildConfiguration;
			buildSettings = {
				ALWAYS_SEARCH_USER_PATHS = NO;
				CLANG_ANALYZER_NONNULL = YES;
				CLANG_ANALYZER_NUMBER_OBJECT_CONVERSION = YES_AGGRESSIVE;
				CLANG_CXX_LANGUAGE_STANDARD = "gnu++0x";
				CLANG_CXX_LIBRARY = "libc++";
				CLANG_ENABLE_MODULES = YES;
				CLANG_ENABLE_OBJC_ARC = YES;
				CLANG_WARN_BOOL_CONVERSION = YES;
				CLANG_WARN_CONSTANT_CONVERSION = YES;
				CLANG_WARN_DIRECT_OBJC_ISA_USAGE = YES_ERROR;
				CLANG_WARN_DOCUMENTATION_COMMENTS = YES;
				CLANG_WARN_EMPTY_BODY = YES;
				CLANG_WARN_ENUM_CONVERSION = YES;
				CLANG_WARN_INFINITE_RECURSION = YES;
				CLANG_WARN_INT_CONVERSION = YES;
				CLANG_WARN_OBJC_ROOT_CLASS = YES_ERROR;
				CLANG_WARN_SUSPICIOUS_MOVE = YES;
				CLANG_WARN_UNREACHABLE_CODE = YES;
				CLANG_WARN__DUPLICATE_METHOD_MATCH = YES;
				"CODE_SIGN_IDENTITY[sdk=iphoneos*]" = "iPhone Developer";
				CONFIGURATION_BUILD_DIR = "$(BUILD_DIR)/$(CONFIGURATION)$(EFFECTIVE_PLATFORM_NAME)";
				COPY_PHASE_STRIP = NO;
				DEBUG_INFORMATION_FORMAT = dwarf;
				ENABLE_STRICT_OBJC_MSGSEND = YES;
				ENABLE_TESTABILITY = YES;
				GCC_C_LANGUAGE_STANDARD = gnu99;
				GCC_DYNAMIC_NO_PIC = NO;
				GCC_NO_COMMON_BLOCKS = YES;
				GCC_OPTIMIZATION_LEVEL = 0;
				GCC_PREPROCESSOR_DEFINITIONS = (
					"DEBUG=1",
					"$(inherited)",
				);
				GCC_WARN_64_TO_32_BIT_CONVERSION = YES;
				GCC_WARN_ABOUT_RETURN_TYPE = YES_ERROR;
				GCC_WARN_UNDECLARED_SELECTOR = YES;
				GCC_WARN_UNINITIALIZED_AUTOS = YES_AGGRESSIVE;
				GCC_WARN_UNUSED_FUNCTION = YES;
				GCC_WARN_UNUSED_VARIABLE = YES;
				IPHONEOS_DEPLOYMENT_TARGET = 10.0;
				MTL_ENABLE_DEBUG_INFO = YES;
				ONLY_ACTIVE_ARCH = YES;
				SDKROOT = iphoneos;
				SWIFT_ACTIVE_COMPILATION_CONDITIONS = DEBUG;
				SWIFT_OPTIMIZATION_LEVEL = "-Onone";
				TARGETED_DEVICE_FAMILY = "1,2";
			};
			name = Debug;
		};
		916E0EF81E8F6CB700911417 /* Release */ = {
			isa = XCBuildConfiguration;
			buildSettings = {
				ALWAYS_SEARCH_USER_PATHS = NO;
				CLANG_ANALYZER_NONNULL = YES;
				CLANG_ANALYZER_NUMBER_OBJECT_CONVERSION = YES_AGGRESSIVE;
				CLANG_CXX_LANGUAGE_STANDARD = "gnu++0x";
				CLANG_CXX_LIBRARY = "libc++";
				CLANG_ENABLE_MODULES = YES;
				CLANG_ENABLE_OBJC_ARC = YES;
				CLANG_WARN_BOOL_CONVERSION = YES;
				CLANG_WARN_CONSTANT_CONVERSION = YES;
				CLANG_WARN_DIRECT_OBJC_ISA_USAGE = YES_ERROR;
				CLANG_WARN_DOCUMENTATION_COMMENTS = YES;
				CLANG_WARN_EMPTY_BODY = YES;
				CLANG_WARN_ENUM_CONVERSION = YES;
				CLANG_WARN_INFINITE_RECURSION = YES;
				CLANG_WARN_INT_CONVERSION = YES;
				CLANG_WARN_OBJC_ROOT_CLASS = YES_ERROR;
				CLANG_WARN_SUSPICIOUS_MOVE = YES;
				CLANG_WARN_UNREACHABLE_CODE = YES;
				CLANG_WARN__DUPLICATE_METHOD_MATCH = YES;
				"CODE_SIGN_IDENTITY[sdk=iphoneos*]" = "iPhone Developer";
				CONFIGURATION_BUILD_DIR = "$(BUILD_DIR)/$(CONFIGURATION)$(EFFECTIVE_PLATFORM_NAME)";
				COPY_PHASE_STRIP = NO;
				DEBUG_INFORMATION_FORMAT = "dwarf-with-dsym";
				ENABLE_NS_ASSERTIONS = NO;
				ENABLE_STRICT_OBJC_MSGSEND = YES;
				GCC_C_LANGUAGE_STANDARD = gnu99;
				GCC_NO_COMMON_BLOCKS = YES;
				GCC_WARN_64_TO_32_BIT_CONVERSION = YES;
				GCC_WARN_ABOUT_RETURN_TYPE = YES_ERROR;
				GCC_WARN_UNDECLARED_SELECTOR = YES;
				GCC_WARN_UNINITIALIZED_AUTOS = YES_AGGRESSIVE;
				GCC_WARN_UNUSED_FUNCTION = YES;
				GCC_WARN_UNUSED_VARIABLE = YES;
				IPHONEOS_DEPLOYMENT_TARGET = 10.0;
				MTL_ENABLE_DEBUG_INFO = NO;
				SDKROOT = iphoneos;
				SWIFT_OPTIMIZATION_LEVEL = "-Owholemodule";
				TARGETED_DEVICE_FAMILY = "1,2";
				VALIDATE_PRODUCT = YES;
			};
			name = Release;
		};
		916E0EFA1E8F6CB700911417 /* Debug */ = {
			isa = XCBuildConfiguration;
			baseConfigurationReference = 5FAC440A24E209889042AF88 /* Pods-True Pass.debug.xcconfig */;
			buildSettings = {
				ASSETCATALOG_COMPILER_APPICON_NAME = AppIcon;
				ASSETCATALOG_COMPILER_LAUNCHIMAGE_NAME = LaunchImage;
				CLANG_ENABLE_MODULES = YES;
				CODE_SIGN_ENTITLEMENTS = "True Pass/True Pass.entitlements";
				DEVELOPMENT_TEAM = V7HL83ZN6U;
				INFOPLIST_FILE = "$(SRCROOT)/True Pass/Info.plist";
				IPHONEOS_DEPLOYMENT_TARGET = 10.0;
				LD_RUNPATH_SEARCH_PATHS = "$(inherited) @executable_path/Frameworks";
				PRODUCT_BUNDLE_IDENTIFIER = com.cliffpanos.TruePass;
				PRODUCT_NAME = "$(TARGET_NAME)";
				SWIFT_OBJC_BRIDGING_HEADER = "True Pass/CheckIn-Bridging-Header.h";
				SWIFT_OPTIMIZATION_LEVEL = "-Onone";
				SWIFT_VERSION = 3.0;
			};
			name = Debug;
		};
		916E0EFB1E8F6CB700911417 /* Release */ = {
			isa = XCBuildConfiguration;
			baseConfigurationReference = 202CC4100FC09559B7E1EC85 /* Pods-True Pass.release.xcconfig */;
			buildSettings = {
				ASSETCATALOG_COMPILER_APPICON_NAME = AppIcon;
				ASSETCATALOG_COMPILER_LAUNCHIMAGE_NAME = LaunchImage;
				CLANG_ENABLE_MODULES = YES;
				CODE_SIGN_ENTITLEMENTS = "True Pass/True Pass.entitlements";
				DEVELOPMENT_TEAM = V7HL83ZN6U;
				INFOPLIST_FILE = "$(SRCROOT)/True Pass/Info.plist";
				IPHONEOS_DEPLOYMENT_TARGET = 10.0;
				LD_RUNPATH_SEARCH_PATHS = "$(inherited) @executable_path/Frameworks";
				PRODUCT_BUNDLE_IDENTIFIER = com.cliffpanos.TruePass;
				PRODUCT_NAME = "$(TARGET_NAME)";
				SWIFT_OBJC_BRIDGING_HEADER = "True Pass/CheckIn-Bridging-Header.h";
				SWIFT_VERSION = 3.0;
			};
			name = Release;
		};
		9187E3D31EA2F3700085E415 /* Debug */ = {
			isa = XCBuildConfiguration;
			buildSettings = {
				ALWAYS_EMBED_SWIFT_STANDARD_LIBRARIES = YES;
				ASSETCATALOG_COMPILER_APPICON_NAME = AppIcon;
				CODE_SIGN_ENTITLEMENTS = "CheckInWatchKitApp/True PassWatchKitApp.entitlements";
				DEVELOPMENT_TEAM = V7HL83ZN6U;
				IBSC_MODULE = CheckInWatchKitApp_Extension;
				INFOPLIST_FILE = CheckInWatchKitApp/Info.plist;
				PRODUCT_BUNDLE_IDENTIFIER = com.cliffpanos.TruePass.watchkitapp;
				PRODUCT_NAME = "$(TARGET_NAME)";
				SDKROOT = watchos;
				SKIP_INSTALL = YES;
				SWIFT_VERSION = 3.0;
				TARGETED_DEVICE_FAMILY = 4;
				WATCHOS_DEPLOYMENT_TARGET = 3.0;
			};
			name = Debug;
		};
		9187E3D41EA2F3700085E415 /* Release */ = {
			isa = XCBuildConfiguration;
			buildSettings = {
				ALWAYS_EMBED_SWIFT_STANDARD_LIBRARIES = YES;
				ASSETCATALOG_COMPILER_APPICON_NAME = AppIcon;
				CODE_SIGN_ENTITLEMENTS = "CheckInWatchKitApp/True PassWatchKitApp.entitlements";
				DEVELOPMENT_TEAM = V7HL83ZN6U;
				IBSC_MODULE = CheckInWatchKitApp_Extension;
				INFOPLIST_FILE = CheckInWatchKitApp/Info.plist;
				PRODUCT_BUNDLE_IDENTIFIER = com.cliffpanos.TruePass.watchkitapp;
				PRODUCT_NAME = "$(TARGET_NAME)";
				SDKROOT = watchos;
				SKIP_INSTALL = YES;
				SWIFT_VERSION = 3.0;
				TARGETED_DEVICE_FAMILY = 4;
				WATCHOS_DEPLOYMENT_TARGET = 3.0;
			};
			name = Release;
		};
		9187E3D51EA2F3700085E415 /* Debug */ = {
			isa = XCBuildConfiguration;
			buildSettings = {
				ASSETCATALOG_COMPILER_COMPLICATION_NAME = Complication;
				CODE_SIGN_ENTITLEMENTS = "CheckInWatchKitApp Extension/True PassWatchKitApp Extension.entitlements";
				DEVELOPMENT_TEAM = V7HL83ZN6U;
				INFOPLIST_FILE = "CheckInWatchKitApp Extension/Info.plist";
				LD_RUNPATH_SEARCH_PATHS = "$(inherited) @executable_path/Frameworks @executable_path/../../Frameworks";
				PRODUCT_BUNDLE_IDENTIFIER = com.cliffpanos.TruePass.watchkitapp.watchkitextension;
				PRODUCT_NAME = "${TARGET_NAME}";
				SDKROOT = watchos;
				SKIP_INSTALL = YES;
				SWIFT_VERSION = 3.0;
				TARGETED_DEVICE_FAMILY = 4;
				WATCHOS_DEPLOYMENT_TARGET = 3.0;
			};
			name = Debug;
		};
		9187E3D61EA2F3700085E415 /* Release */ = {
			isa = XCBuildConfiguration;
			buildSettings = {
				ASSETCATALOG_COMPILER_COMPLICATION_NAME = Complication;
				CODE_SIGN_ENTITLEMENTS = "CheckInWatchKitApp Extension/True PassWatchKitApp Extension.entitlements";
				DEVELOPMENT_TEAM = V7HL83ZN6U;
				INFOPLIST_FILE = "CheckInWatchKitApp Extension/Info.plist";
				LD_RUNPATH_SEARCH_PATHS = "$(inherited) @executable_path/Frameworks @executable_path/../../Frameworks";
				PRODUCT_BUNDLE_IDENTIFIER = com.cliffpanos.TruePass.watchkitapp.watchkitextension;
				PRODUCT_NAME = "${TARGET_NAME}";
				SDKROOT = watchos;
				SKIP_INSTALL = YES;
				SWIFT_VERSION = 3.0;
				TARGETED_DEVICE_FAMILY = 4;
				WATCHOS_DEPLOYMENT_TARGET = 3.0;
			};
			name = Release;
		};
/* End XCBuildConfiguration section */

/* Begin XCConfigurationList section */
		916E0EDF1E8F6CB700911417 /* Build configuration list for PBXProject "True Pass" */ = {
			isa = XCConfigurationList;
			buildConfigurations = (
				916E0EF71E8F6CB700911417 /* Debug */,
				916E0EF81E8F6CB700911417 /* Release */,
			);
			defaultConfigurationIsVisible = 0;
			defaultConfigurationName = Release;
		};
		916E0EF91E8F6CB700911417 /* Build configuration list for PBXNativeTarget "True Pass" */ = {
			isa = XCConfigurationList;
			buildConfigurations = (
				916E0EFA1E8F6CB700911417 /* Debug */,
				916E0EFB1E8F6CB700911417 /* Release */,
			);
			defaultConfigurationIsVisible = 0;
			defaultConfigurationName = Release;
		};
		9187E3D71EA2F3700085E415 /* Build configuration list for PBXNativeTarget "True PassWatchKitApp Extension" */ = {
			isa = XCConfigurationList;
			buildConfigurations = (
				9187E3D51EA2F3700085E415 /* Debug */,
				9187E3D61EA2F3700085E415 /* Release */,
			);
			defaultConfigurationIsVisible = 0;
			defaultConfigurationName = Release;
		};
		9187E3D91EA2F3700085E415 /* Build configuration list for PBXNativeTarget "True PassWatchKitApp" */ = {
			isa = XCConfigurationList;
			buildConfigurations = (
				9187E3D31EA2F3700085E415 /* Debug */,
				9187E3D41EA2F3700085E415 /* Release */,
			);
			defaultConfigurationIsVisible = 0;
			defaultConfigurationName = Release;
		};
/* End XCConfigurationList section */

/* Begin XCVersionGroup section */
		916916301EF46A9500B80920 /* True Pass.xcdatamodeld */ = {
			isa = XCVersionGroup;
			children = (
			);
			name = "True Pass.xcdatamodeld";
			path = "../True Pass/True Pass.xcdatamodeld";
			sourceTree = "<group>";
			versionGroupType = wrapper.xcdatamodel;
		};
/* End XCVersionGroup section */
	};
	rootObject = 916E0EDC1E8F6CB700911417 /* Project object */;
}
